
Microsoft Visual Studio Solution File, Format Version 12.00
# Visual Studio Version 17
VisualStudioVersion = 17.6.33815.320
MinimumVisualStudioVersion = 10.0.40219.1
Project("{FAE04EC0-301F-11D3-BF4B-00C04F79EFBC}") = "LoginLib", "LoginLib\LoginLib.csproj", "{6007AC95-BB92-4281-B907-64DD7D01DA32}"
EndProject
Project("{FAE04EC0-301F-11D3-BF4B-00C04F79EFBC}") = "SpecFlowProject1", "SpecFlowProject1\SpecFlowProject1.csproj", "{052B6D32-B885-427A-B0BF-121C545857BD}"
EndProject
Global
	GlobalSection(SolutionConfigurationPlatforms) = preSolution
		Debug|Any CPU = Debug|Any CPU
		Release|Any CPU = Release|Any CPU
	EndGlobalSection
	GlobalSection(ProjectConfigurationPlatforms) = postSolution
		{6007AC95-BB92-4281-B907-64DD7D01DA32}.Debug|Any CPU.ActiveCfg = Debug|Any CPU
		{6007AC95-BB92-4281-B907-64DD7D01DA32}.Debug|Any CPU.Build.0 = Debug|Any CPU
		{6007AC95-BB92-4281-B907-64DD7D01DA32}.Release|Any CPU.ActiveCfg = Release|Any CPU
		{6007AC95-BB92-4281-B907-64DD7D01DA32}.Release|Any CPU.Build.0 = Release|Any CPU
		{052B6D32-B885-427A-B0BF-121C545857BD}.Debug|Any CPU.ActiveCfg = Debug|Any CPU
		{052B6D32-B885-427A-B0BF-121C545857BD}.Debug|Any CPU.Build.0 = Debug|Any CPU
		{052B6D32-B885-427A-B0BF-121C545857BD}.Release|Any CPU.ActiveCfg = Release|Any CPU
		{052B6D32-B885-427A-B0BF-121C545857BD}.Release|Any CPU.Build.0 = Release|Any CPU
	EndGlobalSection
	GlobalSection(SolutionProperties) = preSolution
		HideSolutionNode = FALSE
	EndGlobalSection
	GlobalSection(ExtensibilityGlobals) = postSolution
		SolutionGuid = {8C099850-81DD-490F-A0EC-A1E15B119999}
	EndGlobalSection
EndGlobal
